
Microsoft Visual Studio Solution File, Format Version 12.00
# Visual Studio Version 17
VisualStudioVersion = 17.4.33205.214
MinimumVisualStudioVersion = 10.0.40219.1
Project("{9A19103F-16F7-4668-BE54-9A1E7A4F7556}") = "TutorialGame", "TutorialGame\TutorialGame.csproj", "{FDDB2E7C-183F-484B-86F0-DCB591F38BD4}"
EndProject
Project("{FAE04EC0-301F-11D3-BF4B-00C04F79EFBC}") = "FSM", "FSM\FSM.csproj", "{6BF7C356-DB31-4548-A011-DF24D5FD9736}"
EndProject
Global
	GlobalSection(SolutionConfigurationPlatforms) = preSolution
		Debug|Any CPU = Debug|Any CPU
		Release|Any CPU = Release|Any CPU
	EndGlobalSection
	GlobalSection(ProjectConfigurationPlatforms) = postSolution
		{FDDB2E7C-183F-484B-86F0-DCB591F38BD4}.Debug|Any CPU.ActiveCfg = Debug|Any CPU
		{FDDB2E7C-183F-484B-86F0-DCB591F38BD4}.Debug|Any CPU.Build.0 = Debug|Any CPU
		{FDDB2E7C-183F-484B-86F0-DCB591F38BD4}.Release|Any CPU.ActiveCfg = Release|Any CPU
		{FDDB2E7C-183F-484B-86F0-DCB591F38BD4}.Release|Any CPU.Build.0 = Release|Any CPU
		{6BF7C356-DB31-4548-A011-DF24D5FD9736}.Debug|Any CPU.ActiveCfg = Debug|Any CPU
		{6BF7C356-DB31-4548-A011-DF24D5FD9736}.Debug|Any CPU.Build.0 = Debug|Any CPU
		{6BF7C356-DB31-4548-A011-DF24D5FD9736}.Release|Any CPU.ActiveCfg = Release|Any CPU
		{6BF7C356-DB31-4548-A011-DF24D5FD9736}.Release|Any CPU.Build.0 = Release|Any CPU
	EndGlobalSection
	GlobalSection(SolutionProperties) = preSolution
		HideSolutionNode = FALSE
	EndGlobalSection
	GlobalSection(ExtensibilityGlobals) = postSolution
		SolutionGuid = {4D8E85F0-8FAE-470B-8B7F-B38CE35FB085}
	EndGlobalSection
EndGlobal
